
Microsoft Visual Studio Solution File, Format Version 12.00
# Visual Studio Version 17
VisualStudioVersion = 17.0.31815.197
MinimumVisualStudioVersion = 10.0.40219.1
Project("{2150E333-8FDC-42A3-9474-1A3956D46DE8}") = "Api", "Api", "{25E556CF-D2DB-4BA2-9379-07CD4976BA9E}"
EndProject
Project("{2150E333-8FDC-42A3-9474-1A3956D46DE8}") = "Public", "Public", "{3361F312-F012-4BFE-9BF9-97233FA6378F}"
EndProject
Project("{2150E333-8FDC-42A3-9474-1A3956D46DE8}") = "Private", "Private", "{6D7EC5F3-F97A-488A-92BF-1FBA78089393}"
EndProject
Project("{9A19103F-16F7-4668-BE54-9A1E7A4F7556}") = "Distribt.API.Private", "src\Api\Private\Distribt.API.Private\Distribt.API.Private.csproj", "{57FA7E01-75FD-4802-BEF0-3F2A26D5F5F5}"
EndProject
Project("{9A19103F-16F7-4668-BE54-9A1E7A4F7556}") = "Distribt.API.Public", "src\Api\Public\Distribt.API.Public\Distribt.API.Public.csproj", "{F272C9B8-9C6F-4FF5-A7A1-F259584EFF43}"
EndProject
Project("{2150E333-8FDC-42A3-9474-1A3956D46DE8}") = "Services", "Services", "{A086B49C-F6C6-4AF1-B7F1-6A16ECA538BE}"
EndProject
Project("{2150E333-8FDC-42A3-9474-1A3956D46DE8}") = "Email", "Email", "{986E19E7-E3FF-4707-958D-17610C75D7E8}"
EndProject
Project("{2150E333-8FDC-42A3-9474-1A3956D46DE8}") = "Orders", "Orders", "{5CA04AE7-BB29-4752-83E3-DA1ACAC05504}"
EndProject
Project("{2150E333-8FDC-42A3-9474-1A3956D46DE8}") = "Products", "Products", "{B3869489-0DB3-4AA4-8B5F-DC5E54499AA8}"
EndProject
Project("{2150E333-8FDC-42A3-9474-1A3956D46DE8}") = "Subscriptions", "Subscriptions", "{ED38326B-E44E-4CC1-93FE-0D75B35C1735}"
EndProject
Project("{9A19103F-16F7-4668-BE54-9A1E7A4F7556}") = "Distribt.Services.Emails", "src\Services\Emails\Distribt.Services.Emails\Distribt.Services.Emails.csproj", "{7C9FA796-6B84-4EB5-9F24-8E7C4408DC18}"
EndProject
Project("{9A19103F-16F7-4668-BE54-9A1E7A4F7556}") = "Distribt.Services.Orders", "src\Services\Orders\Distribt.Services.Orders\Distribt.Services.Orders.csproj", "{EEF25E04-0BB7-4951-A1EC-EF54AF03E7B1}"
EndProject
Project("{9A19103F-16F7-4668-BE54-9A1E7A4F7556}") = "Distribt.Services.Products.Api.Write", "src\Services\Products\Distribt.Services.Products.Api.Write\Distribt.Services.Products.Api.Write.csproj", "{84E52341-0706-460A-8715-0DEC8E62ECD5}"
EndProject
Project("{9A19103F-16F7-4668-BE54-9A1E7A4F7556}") = "Distribt.Services.Subscriptions", "src\Services\Subscriptions\Distribt.Services.Subscriptions\Distribt.Services.Subscriptions.csproj", "{4A4A95E8-9DBF-4EC7-AF48-AF4F5B84567C}"
EndProject
Project("{2150E333-8FDC-42A3-9474-1A3956D46DE8}") = "Shared", "Shared", "{CE3861D4-4B49-43A7-ADCD-BF7D076E9F9D}"
EndProject
Project("{9A19103F-16F7-4668-BE54-9A1E7A4F7556}") = "Distribt.Shared.Setup", "src\Shared\Distribt.Shared.Setup\Distribt.Shared.Setup.csproj", "{D7168F81-A6C8-48A5-B679-1EDEFF24D3D9}"
EndProject
Project("{2150E333-8FDC-42A3-9474-1A3956D46DE8}") = "Shared.Communication", "Shared.Communication", "{C044E196-7E08-4B85-ADEF-AAF9B27F2CCC}"
EndProject
Project("{FAE04EC0-301F-11D3-BF4B-00C04F79EFBC}") = "Distribt.Shared.Communication", "src\Shared\Shared.Communication\Distribt.Shared.Communication\Distribt.Shared.Communication.csproj", "{DD2E8552-5DE7-4EB7-96B8-18A2466538CA}"
EndProject
Project("{FAE04EC0-301F-11D3-BF4B-00C04F79EFBC}") = "Distribt.Shared.Communication.RabbitMQ", "src\Shared\Shared.Communication\Distribt.Shared.Communication.RabbitMQ\Distribt.Shared.Communication.RabbitMQ.csproj", "{618B694C-C578-4134-8960-DC1A70D4A1A2}"
EndProject
Project("{9A19103F-16F7-4668-BE54-9A1E7A4F7556}") = "Distribt.Shared.Serialization", "src\Shared\Distribt.Shared.Serialization\Distribt.Shared.Serialization.csproj", "{9D9DB152-C9F9-4414-ABFC-C6220C512AB1}"
EndProject
Project("{9A19103F-16F7-4668-BE54-9A1E7A4F7556}") = "Distribt.Services.Subscriptions.Consumer", "src\Services\Subscriptions\Distribt.Services.Subscriptions.Consumer\Distribt.Services.Subscriptions.Consumer.csproj", "{30B33D67-2D5E-4874-A076-CD695D791B30}"
EndProject
Project("{9A19103F-16F7-4668-BE54-9A1E7A4F7556}") = "Distribt.Services.Subscriptions.Dtos", "src\Services\Subscriptions\Distribt.Services.Subscriptions.Dtos\Distribt.Services.Subscriptions.Dtos.csproj", "{43FAF62D-235B-4AEF-A4A0-8D906EEF6530}"
EndProject
Project("{9A19103F-16F7-4668-BE54-9A1E7A4F7556}") = "Distribt.Shared.Secrets", "src\Shared\Distribt.Shared.Secrets\Distribt.Shared.Secrets.csproj", "{568A6AEA-E4C8-4AE8-AC75-D099AAA1EB01}"
EndProject
Project("{9A19103F-16F7-4668-BE54-9A1E7A4F7556}") = "Distribt.Shared.Discovery", "src\Shared\Distribt.Shared.Discovery\Distribt.Shared.Discovery.csproj", "{91346414-5C5B-4AAD-AB45-BC827EB1ADA0}"
EndProject
Project("{9A19103F-16F7-4668-BE54-9A1E7A4F7556}") = "Distribt.Services.Orders.Dto", "src\Services\Orders\Distribt.Services.Orders.Dto\Distribt.Services.Orders.Dto.csproj", "{1B8D1C46-25C1-4F13-B264-86F4B4C47661}"
EndProject
Project("{9A19103F-16F7-4668-BE54-9A1E7A4F7556}") = "Distribt.Services.Orders.Consumer", "src\Services\Orders\Distribt.Services.Orders.Consumer\Distribt.Services.Orders.Consumer.csproj", "{6008FEAE-F610-494E-81F5-812A50E90F01}"
EndProject
Project("{9A19103F-16F7-4668-BE54-9A1E7A4F7556}") = "Distribt.Services.Products.Dtos", "src\Services\Products\Distribt.Services.Products.Dtos\Distribt.Services.Products.Dtos.csproj", "{E2E8AE61-5132-4DBC-A9D9-6D0E5763F307}"
EndProject
Project("{9A19103F-16F7-4668-BE54-9A1E7A4F7556}") = "Distribt.Shared.Logging", "src\Shared\Distribt.Shared.Logging\Distribt.Shared.Logging.csproj", "{C87ED387-EB68-4FB7-A497-F66B1F96C636}"
EndProject
Project("{2150E333-8FDC-42A3-9474-1A3956D46DE8}") = "Tests", "Tests", "{98B9BF53-DD00-441A-A22E-76607782742E}"
EndProject
Project("{2150E333-8FDC-42A3-9474-1A3956D46DE8}") = "Services", "Services", "{102C446D-0625-49A7-B4D9-F606924E98F6}"
EndProject
Project("{2150E333-8FDC-42A3-9474-1A3956D46DE8}") = "Subscriptions", "Subscriptions", "{1A3349DA-38FB-4461-AA06-E7ACB2D4AD20}"
EndProject
Project("{9A19103F-16F7-4668-BE54-9A1E7A4F7556}") = "Distribt.Tests.Services.Subscriptions.ApiTests", "src\Tests\Services\Subscriptions\Distribt.Tests.Services.Subscriptions.ApiTests\Distribt.Tests.Services.Subscriptions.ApiTests.csproj", "{59693C3A-C300-4B18-899C-02F3F5E60B90}"
EndProject
Project("{9A19103F-16F7-4668-BE54-9A1E7A4F7556}") = "Distribt.Services.Products.Api.Read", "src\Services\Products\Distribt.Services.Products.Api.Read\Distribt.Services.Products.Api.Read.csproj", "{407D987E-A900-4BDC-8692-9F88F277A4EF}"
EndProject
Project("{9A19103F-16F7-4668-BE54-9A1E7A4F7556}") = "Distribt.Services.Products.Consumer", "src\Services\Products\Distribt.Services.Products.Consumer\Distribt.Services.Products.Consumer.csproj", "{64A6CBB6-F2D6-49FC-9036-8FCFA32A2ED0}"
EndProject
Project("{9A19103F-16F7-4668-BE54-9A1E7A4F7556}") = "Distribt.Services.Products.BusinessLogic", "src\Services\Products\Distribt.Services.Products.BusinessLogic\Distribt.Services.Products.BusinessLogic.csproj", "{BCD16CB7-109D-4D0E-B2B3-1A45F74DBFC0}"
EndProject
Project("{2150E333-8FDC-42A3-9474-1A3956D46DE8}") = "Shared.Databases", "Shared.Databases", "{E93B860C-F098-4DBD-8C28-B7A5B3E73D20}"
EndProject
Project("{9A19103F-16F7-4668-BE54-9A1E7A4F7556}") = "Distribt.Shared.Databases.MySql", "src\Shared\Shared.Databases\Distribt.Shared.Databases.MySql\Distribt.Shared.Databases.MySql.csproj", "{7B29CB53-0161-48BD-AFAD-6C3FA51DED4A}"
EndProject
Project("{9A19103F-16F7-4668-BE54-9A1E7A4F7556}") = "Distribt.Shared.Databases.MongoDb", "src\Shared\Shared.Databases\Distribt.Shared.Databases.MongoDb\Distribt.Shared.Databases.MongoDb.csproj", "{86ED7F06-EB4E-403A-82F0-56EF5D029BBC}"
EndProject
Project("{9A19103F-16F7-4668-BE54-9A1E7A4F7556}") = "Distribt.Shared.EventSourcing", "src\Shared\Distribt.Shared.EventSourcing\Distribt.Shared.EventSourcing.csproj", "{8858633A-CCE1-423F-9FFD-3CB7A6354ED6}"
EndProject
Project("{9A19103F-16F7-4668-BE54-9A1E7A4F7556}") = "Distribt.Services.Orders.BusinessLogic", "src\Services\Orders\Distribt.Services.Orders.BusinessLogic\Distribt.Services.Orders.BusinessLogic.csproj", "{2C8756C1-2FD0-42C6-A13A-0675B9BFEC37}"
EndProject
Project("{2150E333-8FDC-42A3-9474-1A3956D46DE8}") = "Orders", "Orders", "{6B7F9261-46BD-4095-87A6-CDAF806A7375}"
EndProject
Project("{9A19103F-16F7-4668-BE54-9A1E7A4F7556}") = "Distribt.Tests.Services.Orders.BusinessLogicTests", "src\Tests\Services\Orders\Distribt.Tests.Services.Orders.BusinessLogicTests\Distribt.Tests.Services.Orders.BusinessLogicTests.csproj", "{E3AA00A8-ED12-454B-A32B-86DDDEB0B3C5}"
EndProject
Project("{2150E333-8FDC-42A3-9474-1A3956D46DE8}") = "Shared", "Shared", "{350872D7-1998-4646-B0B5-B103F702E3F6}"
EndProject
Project("{2150E333-8FDC-42A3-9474-1A3956D46DE8}") = "Discovery", "Discovery", "{547BD8CA-B96D-4D23-B54C-9BC828465FF7}"
EndProject
Project("{FAE04EC0-301F-11D3-BF4B-00C04F79EFBC}") = "Distribt.Test.Shared.Discovery.Tests", "src\Tests\Shared\Discovery\Distribt.Test.Shared.Discovery.Tests\Distribt.Test.Shared.Discovery.Tests.csproj", "{F9C0F635-D488-4E1F-A4AA-912EA8C518B5}"
EndProject
Global
	GlobalSection(SolutionConfigurationPlatforms) = preSolution
		Debug|Any CPU = Debug|Any CPU
		Release|Any CPU = Release|Any CPU
	EndGlobalSection
	GlobalSection(ProjectConfigurationPlatforms) = postSolution
		{57FA7E01-75FD-4802-BEF0-3F2A26D5F5F5}.Debug|Any CPU.ActiveCfg = Debug|Any CPU
		{57FA7E01-75FD-4802-BEF0-3F2A26D5F5F5}.Debug|Any CPU.Build.0 = Debug|Any CPU
		{57FA7E01-75FD-4802-BEF0-3F2A26D5F5F5}.Release|Any CPU.ActiveCfg = Release|Any CPU
		{57FA7E01-75FD-4802-BEF0-3F2A26D5F5F5}.Release|Any CPU.Build.0 = Release|Any CPU
		{F272C9B8-9C6F-4FF5-A7A1-F259584EFF43}.Debug|Any CPU.ActiveCfg = Debug|Any CPU
		{F272C9B8-9C6F-4FF5-A7A1-F259584EFF43}.Debug|Any CPU.Build.0 = Debug|Any CPU
		{F272C9B8-9C6F-4FF5-A7A1-F259584EFF43}.Release|Any CPU.ActiveCfg = Release|Any CPU
		{F272C9B8-9C6F-4FF5-A7A1-F259584EFF43}.Release|Any CPU.Build.0 = Release|Any CPU
		{7C9FA796-6B84-4EB5-9F24-8E7C4408DC18}.Debug|Any CPU.ActiveCfg = Debug|Any CPU
		{7C9FA796-6B84-4EB5-9F24-8E7C4408DC18}.Debug|Any CPU.Build.0 = Debug|Any CPU
		{7C9FA796-6B84-4EB5-9F24-8E7C4408DC18}.Release|Any CPU.ActiveCfg = Release|Any CPU
		{7C9FA796-6B84-4EB5-9F24-8E7C4408DC18}.Release|Any CPU.Build.0 = Release|Any CPU
		{EEF25E04-0BB7-4951-A1EC-EF54AF03E7B1}.Debug|Any CPU.ActiveCfg = Debug|Any CPU
		{EEF25E04-0BB7-4951-A1EC-EF54AF03E7B1}.Debug|Any CPU.Build.0 = Debug|Any CPU
		{EEF25E04-0BB7-4951-A1EC-EF54AF03E7B1}.Release|Any CPU.ActiveCfg = Release|Any CPU
		{EEF25E04-0BB7-4951-A1EC-EF54AF03E7B1}.Release|Any CPU.Build.0 = Release|Any CPU
		{84E52341-0706-460A-8715-0DEC8E62ECD5}.Debug|Any CPU.ActiveCfg = Debug|Any CPU
		{84E52341-0706-460A-8715-0DEC8E62ECD5}.Debug|Any CPU.Build.0 = Debug|Any CPU
		{84E52341-0706-460A-8715-0DEC8E62ECD5}.Release|Any CPU.ActiveCfg = Release|Any CPU
		{84E52341-0706-460A-8715-0DEC8E62ECD5}.Release|Any CPU.Build.0 = Release|Any CPU
		{4A4A95E8-9DBF-4EC7-AF48-AF4F5B84567C}.Debug|Any CPU.ActiveCfg = Debug|Any CPU
		{4A4A95E8-9DBF-4EC7-AF48-AF4F5B84567C}.Debug|Any CPU.Build.0 = Debug|Any CPU
		{4A4A95E8-9DBF-4EC7-AF48-AF4F5B84567C}.Release|Any CPU.ActiveCfg = Release|Any CPU
		{4A4A95E8-9DBF-4EC7-AF48-AF4F5B84567C}.Release|Any CPU.Build.0 = Release|Any CPU
		{D7168F81-A6C8-48A5-B679-1EDEFF24D3D9}.Debug|Any CPU.ActiveCfg = Debug|Any CPU
		{D7168F81-A6C8-48A5-B679-1EDEFF24D3D9}.Debug|Any CPU.Build.0 = Debug|Any CPU
		{D7168F81-A6C8-48A5-B679-1EDEFF24D3D9}.Release|Any CPU.ActiveCfg = Release|Any CPU
		{D7168F81-A6C8-48A5-B679-1EDEFF24D3D9}.Release|Any CPU.Build.0 = Release|Any CPU
		{DD2E8552-5DE7-4EB7-96B8-18A2466538CA}.Debug|Any CPU.ActiveCfg = Debug|Any CPU
		{DD2E8552-5DE7-4EB7-96B8-18A2466538CA}.Debug|Any CPU.Build.0 = Debug|Any CPU
		{DD2E8552-5DE7-4EB7-96B8-18A2466538CA}.Release|Any CPU.ActiveCfg = Release|Any CPU
		{DD2E8552-5DE7-4EB7-96B8-18A2466538CA}.Release|Any CPU.Build.0 = Release|Any CPU
		{618B694C-C578-4134-8960-DC1A70D4A1A2}.Debug|Any CPU.ActiveCfg = Debug|Any CPU
		{618B694C-C578-4134-8960-DC1A70D4A1A2}.Debug|Any CPU.Build.0 = Debug|Any CPU
		{618B694C-C578-4134-8960-DC1A70D4A1A2}.Release|Any CPU.ActiveCfg = Release|Any CPU
		{618B694C-C578-4134-8960-DC1A70D4A1A2}.Release|Any CPU.Build.0 = Release|Any CPU
		{9D9DB152-C9F9-4414-ABFC-C6220C512AB1}.Debug|Any CPU.ActiveCfg = Debug|Any CPU
		{9D9DB152-C9F9-4414-ABFC-C6220C512AB1}.Debug|Any CPU.Build.0 = Debug|Any CPU
		{9D9DB152-C9F9-4414-ABFC-C6220C512AB1}.Release|Any CPU.ActiveCfg = Release|Any CPU
		{9D9DB152-C9F9-4414-ABFC-C6220C512AB1}.Release|Any CPU.Build.0 = Release|Any CPU
		{30B33D67-2D5E-4874-A076-CD695D791B30}.Debug|Any CPU.ActiveCfg = Debug|Any CPU
		{30B33D67-2D5E-4874-A076-CD695D791B30}.Debug|Any CPU.Build.0 = Debug|Any CPU
		{30B33D67-2D5E-4874-A076-CD695D791B30}.Release|Any CPU.ActiveCfg = Release|Any CPU
		{30B33D67-2D5E-4874-A076-CD695D791B30}.Release|Any CPU.Build.0 = Release|Any CPU
		{43FAF62D-235B-4AEF-A4A0-8D906EEF6530}.Debug|Any CPU.ActiveCfg = Debug|Any CPU
		{43FAF62D-235B-4AEF-A4A0-8D906EEF6530}.Debug|Any CPU.Build.0 = Debug|Any CPU
		{43FAF62D-235B-4AEF-A4A0-8D906EEF6530}.Release|Any CPU.ActiveCfg = Release|Any CPU
		{43FAF62D-235B-4AEF-A4A0-8D906EEF6530}.Release|Any CPU.Build.0 = Release|Any CPU
		{568A6AEA-E4C8-4AE8-AC75-D099AAA1EB01}.Debug|Any CPU.ActiveCfg = Debug|Any CPU
		{568A6AEA-E4C8-4AE8-AC75-D099AAA1EB01}.Debug|Any CPU.Build.0 = Debug|Any CPU
		{568A6AEA-E4C8-4AE8-AC75-D099AAA1EB01}.Release|Any CPU.ActiveCfg = Release|Any CPU
		{568A6AEA-E4C8-4AE8-AC75-D099AAA1EB01}.Release|Any CPU.Build.0 = Release|Any CPU
		{91346414-5C5B-4AAD-AB45-BC827EB1ADA0}.Debug|Any CPU.ActiveCfg = Debug|Any CPU
		{91346414-5C5B-4AAD-AB45-BC827EB1ADA0}.Debug|Any CPU.Build.0 = Debug|Any CPU
		{91346414-5C5B-4AAD-AB45-BC827EB1ADA0}.Release|Any CPU.ActiveCfg = Release|Any CPU
		{91346414-5C5B-4AAD-AB45-BC827EB1ADA0}.Release|Any CPU.Build.0 = Release|Any CPU
		{1B8D1C46-25C1-4F13-B264-86F4B4C47661}.Debug|Any CPU.ActiveCfg = Debug|Any CPU
		{1B8D1C46-25C1-4F13-B264-86F4B4C47661}.Debug|Any CPU.Build.0 = Debug|Any CPU
		{1B8D1C46-25C1-4F13-B264-86F4B4C47661}.Release|Any CPU.ActiveCfg = Release|Any CPU
		{1B8D1C46-25C1-4F13-B264-86F4B4C47661}.Release|Any CPU.Build.0 = Release|Any CPU
		{6008FEAE-F610-494E-81F5-812A50E90F01}.Debug|Any CPU.ActiveCfg = Debug|Any CPU
		{6008FEAE-F610-494E-81F5-812A50E90F01}.Debug|Any CPU.Build.0 = Debug|Any CPU
		{6008FEAE-F610-494E-81F5-812A50E90F01}.Release|Any CPU.ActiveCfg = Release|Any CPU
		{6008FEAE-F610-494E-81F5-812A50E90F01}.Release|Any CPU.Build.0 = Release|Any CPU
		{E2E8AE61-5132-4DBC-A9D9-6D0E5763F307}.Debug|Any CPU.ActiveCfg = Debug|Any CPU
		{E2E8AE61-5132-4DBC-A9D9-6D0E5763F307}.Debug|Any CPU.Build.0 = Debug|Any CPU
		{E2E8AE61-5132-4DBC-A9D9-6D0E5763F307}.Release|Any CPU.ActiveCfg = Release|Any CPU
		{E2E8AE61-5132-4DBC-A9D9-6D0E5763F307}.Release|Any CPU.Build.0 = Release|Any CPU
		{C87ED387-EB68-4FB7-A497-F66B1F96C636}.Debug|Any CPU.ActiveCfg = Debug|Any CPU
		{C87ED387-EB68-4FB7-A497-F66B1F96C636}.Debug|Any CPU.Build.0 = Debug|Any CPU
		{C87ED387-EB68-4FB7-A497-F66B1F96C636}.Release|Any CPU.ActiveCfg = Release|Any CPU
		{C87ED387-EB68-4FB7-A497-F66B1F96C636}.Release|Any CPU.Build.0 = Release|Any CPU
		{59693C3A-C300-4B18-899C-02F3F5E60B90}.Debug|Any CPU.ActiveCfg = Debug|Any CPU
		{59693C3A-C300-4B18-899C-02F3F5E60B90}.Debug|Any CPU.Build.0 = Debug|Any CPU
		{59693C3A-C300-4B18-899C-02F3F5E60B90}.Release|Any CPU.ActiveCfg = Release|Any CPU
		{59693C3A-C300-4B18-899C-02F3F5E60B90}.Release|Any CPU.Build.0 = Release|Any CPU
		{407D987E-A900-4BDC-8692-9F88F277A4EF}.Debug|Any CPU.ActiveCfg = Debug|Any CPU
		{407D987E-A900-4BDC-8692-9F88F277A4EF}.Debug|Any CPU.Build.0 = Debug|Any CPU
		{407D987E-A900-4BDC-8692-9F88F277A4EF}.Release|Any CPU.ActiveCfg = Release|Any CPU
		{407D987E-A900-4BDC-8692-9F88F277A4EF}.Release|Any CPU.Build.0 = Release|Any CPU
		{64A6CBB6-F2D6-49FC-9036-8FCFA32A2ED0}.Debug|Any CPU.ActiveCfg = Debug|Any CPU
		{64A6CBB6-F2D6-49FC-9036-8FCFA32A2ED0}.Debug|Any CPU.Build.0 = Debug|Any CPU
		{64A6CBB6-F2D6-49FC-9036-8FCFA32A2ED0}.Release|Any CPU.ActiveCfg = Release|Any CPU
		{64A6CBB6-F2D6-49FC-9036-8FCFA32A2ED0}.Release|Any CPU.Build.0 = Release|Any CPU
		{BCD16CB7-109D-4D0E-B2B3-1A45F74DBFC0}.Debug|Any CPU.ActiveCfg = Debug|Any CPU
		{BCD16CB7-109D-4D0E-B2B3-1A45F74DBFC0}.Debug|Any CPU.Build.0 = Debug|Any CPU
		{BCD16CB7-109D-4D0E-B2B3-1A45F74DBFC0}.Release|Any CPU.ActiveCfg = Release|Any CPU
		{BCD16CB7-109D-4D0E-B2B3-1A45F74DBFC0}.Release|Any CPU.Build.0 = Release|Any CPU
		{7B29CB53-0161-48BD-AFAD-6C3FA51DED4A}.Debug|Any CPU.ActiveCfg = Debug|Any CPU
		{7B29CB53-0161-48BD-AFAD-6C3FA51DED4A}.Debug|Any CPU.Build.0 = Debug|Any CPU
		{7B29CB53-0161-48BD-AFAD-6C3FA51DED4A}.Release|Any CPU.ActiveCfg = Release|Any CPU
		{7B29CB53-0161-48BD-AFAD-6C3FA51DED4A}.Release|Any CPU.Build.0 = Release|Any CPU
		{86ED7F06-EB4E-403A-82F0-56EF5D029BBC}.Debug|Any CPU.ActiveCfg = Debug|Any CPU
		{86ED7F06-EB4E-403A-82F0-56EF5D029BBC}.Debug|Any CPU.Build.0 = Debug|Any CPU
		{86ED7F06-EB4E-403A-82F0-56EF5D029BBC}.Release|Any CPU.ActiveCfg = Release|Any CPU
		{86ED7F06-EB4E-403A-82F0-56EF5D029BBC}.Release|Any CPU.Build.0 = Release|Any CPU
		{8858633A-CCE1-423F-9FFD-3CB7A6354ED6}.Debug|Any CPU.ActiveCfg = Debug|Any CPU
		{8858633A-CCE1-423F-9FFD-3CB7A6354ED6}.Debug|Any CPU.Build.0 = Debug|Any CPU
		{8858633A-CCE1-423F-9FFD-3CB7A6354ED6}.Release|Any CPU.ActiveCfg = Release|Any CPU
		{8858633A-CCE1-423F-9FFD-3CB7A6354ED6}.Release|Any CPU.Build.0 = Release|Any CPU
		{2C8756C1-2FD0-42C6-A13A-0675B9BFEC37}.Debug|Any CPU.ActiveCfg = Debug|Any CPU
		{2C8756C1-2FD0-42C6-A13A-0675B9BFEC37}.Debug|Any CPU.Build.0 = Debug|Any CPU
		{2C8756C1-2FD0-42C6-A13A-0675B9BFEC37}.Release|Any CPU.ActiveCfg = Release|Any CPU
		{2C8756C1-2FD0-42C6-A13A-0675B9BFEC37}.Release|Any CPU.Build.0 = Release|Any CPU
		{E3AA00A8-ED12-454B-A32B-86DDDEB0B3C5}.Debug|Any CPU.ActiveCfg = Debug|Any CPU
		{E3AA00A8-ED12-454B-A32B-86DDDEB0B3C5}.Debug|Any CPU.Build.0 = Debug|Any CPU
		{E3AA00A8-ED12-454B-A32B-86DDDEB0B3C5}.Release|Any CPU.ActiveCfg = Release|Any CPU
		{E3AA00A8-ED12-454B-A32B-86DDDEB0B3C5}.Release|Any CPU.Build.0 = Release|Any CPU
		{F9C0F635-D488-4E1F-A4AA-912EA8C518B5}.Debug|Any CPU.ActiveCfg = Debug|Any CPU
		{F9C0F635-D488-4E1F-A4AA-912EA8C518B5}.Debug|Any CPU.Build.0 = Debug|Any CPU
		{F9C0F635-D488-4E1F-A4AA-912EA8C518B5}.Release|Any CPU.ActiveCfg = Release|Any CPU
		{F9C0F635-D488-4E1F-A4AA-912EA8C518B5}.Release|Any CPU.Build.0 = Release|Any CPU
	EndGlobalSection
	GlobalSection(SolutionProperties) = preSolution
		HideSolutionNode = FALSE
	EndGlobalSection
	GlobalSection(NestedProjects) = preSolution
		{3361F312-F012-4BFE-9BF9-97233FA6378F} = {25E556CF-D2DB-4BA2-9379-07CD4976BA9E}
		{6D7EC5F3-F97A-488A-92BF-1FBA78089393} = {25E556CF-D2DB-4BA2-9379-07CD4976BA9E}
		{57FA7E01-75FD-4802-BEF0-3F2A26D5F5F5} = {6D7EC5F3-F97A-488A-92BF-1FBA78089393}
		{F272C9B8-9C6F-4FF5-A7A1-F259584EFF43} = {3361F312-F012-4BFE-9BF9-97233FA6378F}
		{986E19E7-E3FF-4707-958D-17610C75D7E8} = {A086B49C-F6C6-4AF1-B7F1-6A16ECA538BE}
		{5CA04AE7-BB29-4752-83E3-DA1ACAC05504} = {A086B49C-F6C6-4AF1-B7F1-6A16ECA538BE}
		{B3869489-0DB3-4AA4-8B5F-DC5E54499AA8} = {A086B49C-F6C6-4AF1-B7F1-6A16ECA538BE}
		{ED38326B-E44E-4CC1-93FE-0D75B35C1735} = {A086B49C-F6C6-4AF1-B7F1-6A16ECA538BE}
		{7C9FA796-6B84-4EB5-9F24-8E7C4408DC18} = {986E19E7-E3FF-4707-958D-17610C75D7E8}
		{EEF25E04-0BB7-4951-A1EC-EF54AF03E7B1} = {5CA04AE7-BB29-4752-83E3-DA1ACAC05504}
		{84E52341-0706-460A-8715-0DEC8E62ECD5} = {B3869489-0DB3-4AA4-8B5F-DC5E54499AA8}
		{4A4A95E8-9DBF-4EC7-AF48-AF4F5B84567C} = {ED38326B-E44E-4CC1-93FE-0D75B35C1735}
		{D7168F81-A6C8-48A5-B679-1EDEFF24D3D9} = {CE3861D4-4B49-43A7-ADCD-BF7D076E9F9D}
		{C044E196-7E08-4B85-ADEF-AAF9B27F2CCC} = {CE3861D4-4B49-43A7-ADCD-BF7D076E9F9D}
		{DD2E8552-5DE7-4EB7-96B8-18A2466538CA} = {C044E196-7E08-4B85-ADEF-AAF9B27F2CCC}
		{618B694C-C578-4134-8960-DC1A70D4A1A2} = {C044E196-7E08-4B85-ADEF-AAF9B27F2CCC}
		{9D9DB152-C9F9-4414-ABFC-C6220C512AB1} = {CE3861D4-4B49-43A7-ADCD-BF7D076E9F9D}
		{30B33D67-2D5E-4874-A076-CD695D791B30} = {ED38326B-E44E-4CC1-93FE-0D75B35C1735}
		{43FAF62D-235B-4AEF-A4A0-8D906EEF6530} = {ED38326B-E44E-4CC1-93FE-0D75B35C1735}
		{568A6AEA-E4C8-4AE8-AC75-D099AAA1EB01} = {CE3861D4-4B49-43A7-ADCD-BF7D076E9F9D}
		{91346414-5C5B-4AAD-AB45-BC827EB1ADA0} = {CE3861D4-4B49-43A7-ADCD-BF7D076E9F9D}
		{1B8D1C46-25C1-4F13-B264-86F4B4C47661} = {5CA04AE7-BB29-4752-83E3-DA1ACAC05504}
		{6008FEAE-F610-494E-81F5-812A50E90F01} = {5CA04AE7-BB29-4752-83E3-DA1ACAC05504}
		{E2E8AE61-5132-4DBC-A9D9-6D0E5763F307} = {B3869489-0DB3-4AA4-8B5F-DC5E54499AA8}
		{C87ED387-EB68-4FB7-A497-F66B1F96C636} = {CE3861D4-4B49-43A7-ADCD-BF7D076E9F9D}
		{102C446D-0625-49A7-B4D9-F606924E98F6} = {98B9BF53-DD00-441A-A22E-76607782742E}
		{1A3349DA-38FB-4461-AA06-E7ACB2D4AD20} = {102C446D-0625-49A7-B4D9-F606924E98F6}
		{59693C3A-C300-4B18-899C-02F3F5E60B90} = {1A3349DA-38FB-4461-AA06-E7ACB2D4AD20}
		{407D987E-A900-4BDC-8692-9F88F277A4EF} = {B3869489-0DB3-4AA4-8B5F-DC5E54499AA8}
		{64A6CBB6-F2D6-49FC-9036-8FCFA32A2ED0} = {B3869489-0DB3-4AA4-8B5F-DC5E54499AA8}
		{BCD16CB7-109D-4D0E-B2B3-1A45F74DBFC0} = {B3869489-0DB3-4AA4-8B5F-DC5E54499AA8}
		{E93B860C-F098-4DBD-8C28-B7A5B3E73D20} = {CE3861D4-4B49-43A7-ADCD-BF7D076E9F9D}
		{7B29CB53-0161-48BD-AFAD-6C3FA51DED4A} = {E93B860C-F098-4DBD-8C28-B7A5B3E73D20}
		{86ED7F06-EB4E-403A-82F0-56EF5D029BBC} = {E93B860C-F098-4DBD-8C28-B7A5B3E73D20}
		{8858633A-CCE1-423F-9FFD-3CB7A6354ED6} = {CE3861D4-4B49-43A7-ADCD-BF7D076E9F9D}
		{2C8756C1-2FD0-42C6-A13A-0675B9BFEC37} = {5CA04AE7-BB29-4752-83E3-DA1ACAC05504}
		{6B7F9261-46BD-4095-87A6-CDAF806A7375} = {102C446D-0625-49A7-B4D9-F606924E98F6}
		{E3AA00A8-ED12-454B-A32B-86DDDEB0B3C5} = {6B7F9261-46BD-4095-87A6-CDAF806A7375}
		{350872D7-1998-4646-B0B5-B103F702E3F6} = {98B9BF53-DD00-441A-A22E-76607782742E}
		{547BD8CA-B96D-4D23-B54C-9BC828465FF7} = {350872D7-1998-4646-B0B5-B103F702E3F6}
		{F9C0F635-D488-4E1F-A4AA-912EA8C518B5} = {547BD8CA-B96D-4D23-B54C-9BC828465FF7}
	EndGlobalSection
	GlobalSection(ExtensibilityGlobals) = postSolution
		SolutionGuid = {3532EB9C-D36A-4A7D-9494-BBC170208D46}
	EndGlobalSection
EndGlobal
